{
  "requires": true,
  "lockfileVersion": 1,
  "dependencies": {
    "@babel/runtime": {
      "version": "7.17.9",
      "resolved": "https://registry.npmjs.org/@babel/runtime/-/runtime-7.17.9.tgz",
      "integrity": "sha512-lSiBBvodq29uShpWGNbgFdKYNiFDo5/HIYsaCEY9ff4sb10x9jizo2+pRrSyF4jKZCXqgzuqBOQKbUm90gQwJg==",
      "requires": {
        "regenerator-runtime": "^0.13.4"
      }
    },
    "html-escaper": {
      "version": "2.0.2",
      "resolved": "https://registry.npmjs.org/html-escaper/-/html-escaper-2.0.2.tgz",
      "integrity": "sha512-H2iMtd0I4Mt5eYiapRdIDjp+XzelXQ0tFE4JS7YFwFevXXMmOp9myNrUvCg0D6ws8iqkRPBfKHgbwig1SmlLfg=="
    },
    "html-parse-stringify": {
      "version": "3.0.1",
      "resolved": "https://registry.npmjs.org/html-parse-stringify/-/html-parse-stringify-3.0.1.tgz",
      "integrity": "sha512-KknJ50kTInJ7qIScF3jeaFRpMpE8/lfiTdzf/twXyPBLAGrLRTmkz3AdTnKeh40X8k9L2fdYwEp/42WGXIRGcg==",
      "requires": {
        "void-elements": "3.1.0"
      }
    },
    "i18next": {
      "version": "21.6.16",
      "resolved": "https://registry.npmjs.org/i18next/-/i18next-21.6.16.tgz",
      "integrity": "sha512-xJlzrVxG9CyAGsbMP1aKuiNr1Ed2m36KiTB7hjGMG2Zo4idfw3p9THUEu+GjBwIgEZ7F11ZbCzJcfv4uyfKNuw==",
      "requires": {
        "@babel/runtime": "^7.17.2"
      }
    },
    "i18next-browser-languagedetector": {
      "version": "6.1.4",
      "resolved": "https://registry.npmjs.org/i18next-browser-languagedetector/-/i18next-browser-languagedetector-6.1.4.tgz",
      "integrity": "sha512-wukWnFeU7rKIWT66VU5i8I+3Zc4wReGcuDK2+kuFhtoxBRGWGdvYI9UQmqNL/yQH1KogWwh+xGEaIPH8V/i2Zg==",
      "requires": {
        "@babel/runtime": "^7.14.6"
      }
    },
    "react-i18next": {
      "version": "11.16.7",
      "resolved": "https://registry.npmjs.org/react-i18next/-/react-i18next-11.16.7.tgz",
      "integrity": "sha512-7yotILJLnKfvUfrl/nt9eK9vFpVFjZPLWAwBzWL6XppSZZEvlmlKk0GBGDCAPfLfs8oND7WAbry8wGzdoiW5Nw==",
      "requires": {
        "@babel/runtime": "^7.14.5",
        "html-escaper": "^2.0.2",
        "html-parse-stringify": "^3.0.1"
      }
    },
    "regenerator-runtime": {
      "version": "0.13.9",
      "resolved": "https://registry.npmjs.org/regenerator-runtime/-/regenerator-runtime-0.13.9.tgz",
      "integrity": "sha512-p3VT+cOEgxFsRRA9X4lkI1E+k2/CtnKtU4gcxyaCUreilL/vqI6CdZ3wxVUx3UOUg+gnUOQQcRI7BmSI656MYA=="
    },
    "void-elements": {
      "version": "3.1.0",
      "resolved": "https://registry.npmjs.org/void-elements/-/void-elements-3.1.0.tgz",
      "integrity": "sha1-YU9/v42AHwu18GYfWy9XhXUOTwk="
    }
  }
}
